
Microsoft Visual Studio Solution File, Format Version 12.00
# Visual Studio Version 17
VisualStudioVersion = 17.8.34309.116
MinimumVisualStudioVersion = 10.0.40219.1
Project("{FAE04EC0-301F-11D3-BF4B-00C04F79EFBC}") = "Toshyro", "Toshyro.csproj", "{56814384-13DA-434D-BA96-28A3FBA3B047}"
EndProject
Global
	GlobalSection(SolutionConfigurationPlatforms) = preSolution
		Debug|Any CPU = Debug|Any CPU
		Release|Any CPU = Release|Any CPU
	EndGlobalSection
	GlobalSection(ProjectConfigurationPlatforms) = postSolution
		{56814384-13DA-434D-BA96-28A3FBA3B047}.Debug|Any CPU.ActiveCfg = Debug|Any CPU
		{56814384-13DA-434D-BA96-28A3FBA3B047}.Debug|Any CPU.Build.0 = Debug|Any CPU
		{56814384-13DA-434D-BA96-28A3FBA3B047}.Release|Any CPU.ActiveCfg = Release|Any CPU
		{56814384-13DA-434D-BA96-28A3FBA3B047}.Release|Any CPU.Build.0 = Release|Any CPU
	EndGlobalSection
	GlobalSection(SolutionProperties) = preSolution
		HideSolutionNode = FALSE
	EndGlobalSection
	GlobalSection(ExtensibilityGlobals) = postSolution
		SolutionGuid = {CF1F5079-200C-4685-9E42-C841F2EA0403}
	EndGlobalSection
EndGlobal
